
Microsoft Visual Studio Solution File, Format Version 12.00
# Visual Studio Version 17
VisualStudioVersion = 17.5.33530.505
MinimumVisualStudioVersion = 10.0.40219.1
Project("{9A19103F-16F7-4668-BE54-9A1E7A4F7556}") = "Hello World", "Hello World\Hello World.csproj", "{25F00898-30CF-47AD-95C6-EC823F1AF23B}"
EndProject
Project("{FAE04EC0-301F-11D3-BF4B-00C04F79EFBC}") = "Arithmetic operations", "Arithmetic operations\Arithmetic operations.csproj", "{6487F88F-B4B9-4CFF-A5E4-5350F1CD0B75}"
EndProject
Project("{9A19103F-16F7-4668-BE54-9A1E7A4F7556}") = "Methods - Creating Methods", "Creating Methods\Methods - Creating Methods.csproj", "{96683B18-8019-4687-AF86-8615719FB966}"
EndProject
Project("{9A19103F-16F7-4668-BE54-9A1E7A4F7556}") = "Methods - Return Value", "Methods - Return Value\Methods - Return Value.csproj", "{B6E0E3CE-7C7B-4EC8-A794-BDA533DC0D93}"
EndProject
Project("{9A19103F-16F7-4668-BE54-9A1E7A4F7556}") = "User Input", "User Input\User Input.csproj", "{7F2E425E-04B7-498E-A540-2E4983B14AA6}"
EndProject
Project("{9A19103F-16F7-4668-BE54-9A1E7A4F7556}") = "TryAndCatch - Cathing Errors", "TryAndCatch - Cathing Errors\TryAndCatch - Cathing Errors.csproj", "{8C781FE2-F4D1-45F8-B52C-9E22E9B8A6D0}"
EndProject
Project("{9A19103F-16F7-4668-BE54-9A1E7A4F7556}") = "Operators", "Operators\Operators.csproj", "{C5DB2E52-61C2-4A5D-A33C-BEBB5EAE3521}"
EndProject
Project("{9A19103F-16F7-4668-BE54-9A1E7A4F7556}") = "IF statements", "IF statements\IF statements.csproj", "{9D0093D4-0B07-418D-A46A-627A71BB14B0}"
EndProject
Project("{9A19103F-16F7-4668-BE54-9A1E7A4F7556}") = "IF statements & nested if statements", "IF statements & nested if statements\IF statements & nested if statements.csproj", "{0A2217E3-8F9E-41BC-A4E9-A06F067572F1}"
EndProject
Project("{9A19103F-16F7-4668-BE54-9A1E7A4F7556}") = "Switch Case", "Switch Case\Switch Case.csproj", "{C4FA0B02-AE4E-4D50-B3CF-58B201A3176E}"
EndProject
Project("{9A19103F-16F7-4668-BE54-9A1E7A4F7556}") = "Switch Case to IF statements", "Switch Case to IF statements\Switch Case to IF statements.csproj", "{A60E313A-F3BE-4BB3-9E92-D849791E4410}"
EndProject
Project("{9A19103F-16F7-4668-BE54-9A1E7A4F7556}") = "IF statements - Shortcut", "IF statements - Shortcut\IF statements - Shortcut.csproj", "{08ABE4BA-4F5B-460A-8DA0-0ABA9F020D44}"
EndProject
Project("{9A19103F-16F7-4668-BE54-9A1E7A4F7556}") = "Loops", "Loops\Loops.csproj", "{86E992FB-E299-411B-8CDA-81F05B32CB3B}"
EndProject
Project("{9A19103F-16F7-4668-BE54-9A1E7A4F7556}") = "Loops - FOR Loops", "Loops - FOR Loops\Loops - FOR Loops.csproj", "{8581CB93-4523-4878-82CF-B939786581D1}"
EndProject
Project("{9A19103F-16F7-4668-BE54-9A1E7A4F7556}") = "Loops - DO WHILE Loop", "Loops - DO WHILE Loop\Loops - DO WHILE Loop.csproj", "{CB7D7812-1874-459E-9210-6738EFD8C11D}"
EndProject
Project("{9A19103F-16F7-4668-BE54-9A1E7A4F7556}") = "Loops - WHILE Loops", "Loops - WHILE Loops\Loops - WHILE Loops.csproj", "{C701C0A7-B20E-4155-A0D9-A4879F13FC7D}"
EndProject
Project("{9A19103F-16F7-4668-BE54-9A1E7A4F7556}") = "Loops - BREAK & CONTINUE", "Loops - BREAK & CONTINUE\Loops - BREAK & CONTINUE.csproj", "{F9361A6F-47E0-491C-B4B5-656DFEB20DCB}"
EndProject
Project("{9A19103F-16F7-4668-BE54-9A1E7A4F7556}") = "Classes - Creating Classes", "Creating Classes\Classes - Creating Classes.csproj", "{4D574EE6-04C6-4C38-9FEF-4D1B31407361}"
EndProject
Project("{9A19103F-16F7-4668-BE54-9A1E7A4F7556}") = "Constructors", "Constructors\Constructors.csproj", "{343E1E13-4997-4A41-B201-50E5A27162AD}"
EndProject
Project("{9A19103F-16F7-4668-BE54-9A1E7A4F7556}") = "Constructors - Multiple Constructors", "Multiple Constructors\Constructors - Multiple Constructors.csproj", "{71D9D1E2-7081-4A2C-8494-398DBDD3901D}"
EndProject
Project("{9A19103F-16F7-4668-BE54-9A1E7A4F7556}") = "Properties", "Properties\Properties.csproj", "{07D0DF6F-863D-42A4-9042-6797A504AA5F}"
EndProject
Project("{9A19103F-16F7-4668-BE54-9A1E7A4F7556}") = "Members", "Members\Members.csproj", "{08EA5E33-3266-46BC-A351-796693E2D6D3}"
EndProject
Project("{9A19103F-16F7-4668-BE54-9A1E7A4F7556}") = "Arrays", "Arrays\Arrays.csproj", "{2A6ADB37-B0C6-4678-99CE-87A698AEF7A3}"
EndProject
Project("{9A19103F-16F7-4668-BE54-9A1E7A4F7556}") = "Array - Foreach Loop", "Array - Foreach Loop\Array - Foreach Loop.csproj", "{11ECF88C-1DA9-4BC9-9769-90BFE4FAF1C5}"
EndProject
Project("{9A19103F-16F7-4668-BE54-9A1E7A4F7556}") = "2D Arrays", "2D Arrays\2D Arrays.csproj", "{ACE0C1F0-3DCC-4DC3-B6C4-C6E9EFE789E0}"
EndProject
Project("{9A19103F-16F7-4668-BE54-9A1E7A4F7556}") = "Loops - Nested For Loops", "Loops - Nested For Loops\Loops - Nested For Loops.csproj", "{CB234309-74BC-4BCC-B734-D1359AE652B0}"
EndProject
Project("{9A19103F-16F7-4668-BE54-9A1E7A4F7556}") = "Arrays - Jagged Arrays", "Arrays - Jagged Arrays\Arrays - Jagged Arrays.csproj", "{7F80537F-0AC8-47E6-87A5-77B121B5DEA0}"
EndProject
Project("{9A19103F-16F7-4668-BE54-9A1E7A4F7556}") = "Arrays - ArrayList", "Arrays - ArrayList\Arrays - ArrayList.csproj", "{3AD14CAD-007E-4EB9-A143-1FC01F03DD23}"
EndProject
Project("{9A19103F-16F7-4668-BE54-9A1E7A4F7556}") = "Console Colors", "Console Colors\Console Colors.csproj", "{D790DBC1-745A-4892-BDCF-7EA7D7F8F788}"
EndProject
Project("{9A19103F-16F7-4668-BE54-9A1E7A4F7556}") = "User Input - Example", "User Input - Example\User Input - Example.csproj", "{2BC173B8-10D0-41E6-AA26-D37EDA976886}"
EndProject
Project("{9A19103F-16F7-4668-BE54-9A1E7A4F7556}") = "Variables", "Variables\Variables.csproj", "{165B5936-E2F0-4925-81EA-59EFE9592C3C}"
EndProject
Project("{9A19103F-16F7-4668-BE54-9A1E7A4F7556}") = "Casting", "Casting\Casting.csproj", "{6D02FA46-DA14-420E-ABAC-CA442460C910}"
EndProject
Project("{9A19103F-16F7-4668-BE54-9A1E7A4F7556}") = "Formating Output", "Formating Output\Formating Output.csproj", "{CFD67AE7-BE2D-4B7F-B529-04C34F28BCD7}"
EndProject
Project("{9A19103F-16F7-4668-BE54-9A1E7A4F7556}") = "String Functions", "String Functions\String Functions.csproj", "{B11C40C5-0B8E-43D7-B98D-8D01E85AE0B5}"
EndProject
Project("{9A19103F-16F7-4668-BE54-9A1E7A4F7556}") = "Task - Sum Of Two Numbers", "Task - Sum Of Two Numbers\Task - Sum Of Two Numbers.csproj", "{1EC6DC3D-3E86-4E9A-A4C5-81C6BCAED990}"
EndProject
Project("{9A19103F-16F7-4668-BE54-9A1E7A4F7556}") = "Task - Prints User Name", "Task - Prints User Name\Task - Prints User Name.csproj", "{CAA0E334-58EA-4160-8D56-35FC9DB4CE28}"
EndProject
Project("{9A19103F-16F7-4668-BE54-9A1E7A4F7556}") = "Task - User Age", "Task - User Age\Task - User Age.csproj", "{E9758CAB-B57D-4F1B-AE71-EDF12AD6AEAD}"
EndProject
Project("{9A19103F-16F7-4668-BE54-9A1E7A4F7556}") = "Task - Area And Perimeter", "Task - Area And Perimeter\Task - Area And Perimeter.csproj", "{D372744C-664C-4DB6-A0C4-F2408C3C31BD}"
EndProject
Project("{9A19103F-16F7-4668-BE54-9A1E7A4F7556}") = "Task - Reverses String", "Task - Reverses String\Task - Reverses String.csproj", "{3FFC23C6-3B36-4DBF-9ECA-B921ED4E25CE}"
EndProject
Project("{9A19103F-16F7-4668-BE54-9A1E7A4F7556}") = "Task - Day Of Week Switch", "Task - Day Of Week Switch\Task - Day Of Week Switch.csproj", "{85F60036-37BF-47E6-8C51-609C95545AA9}"
EndProject
Project("{9A19103F-16F7-4668-BE54-9A1E7A4F7556}") = "Task - Represent Person With Properties", "Task - Represent Person With Properties\Task - Represent Person With Properties.csproj", "{5326BFCF-72B0-48D3-AFC4-87BEE2F23096}"
EndProject
Project("{9A19103F-16F7-4668-BE54-9A1E7A4F7556}") = "Task - Convert Minutes into Seconds", "Convert Minutes into Seconds\Task - Convert Minutes into Seconds.csproj", "{23025BB0-3983-4156-9886-35D674C0E04C}"
EndProject
Project("{9A19103F-16F7-4668-BE54-9A1E7A4F7556}") = "Task - Return the Next Number", "Task - Return the Next Number\Task - Return the Next Number.csproj", "{B784A748-BE40-4A86-9DE9-C30F75BF719F}"
EndProject
Project("{9A19103F-16F7-4668-BE54-9A1E7A4F7556}") = "Task - Convert Number to Month", "Task - Convert Number to Month\Task - Convert Number to Month.csproj", "{E3AEE47B-50CE-4BE2-92A6-0F43A40950F4}"
EndProject
Project("{9A19103F-16F7-4668-BE54-9A1E7A4F7556}") = "Task - Convert Number to Month (Array)", "Task - Convert Number to Month (Array)\Task - Convert Number to Month (Array).csproj", "{228932AB-EE47-4B45-A5F6-251280217416}"
EndProject
Project("{9A19103F-16F7-4668-BE54-9A1E7A4F7556}") = "Task - Find Min Max Numbers in Array", "Task - Find Min Max Numbers in Array\Task - Find Min Max Numbers in Array.csproj", "{81BBBA65-3967-49F7-8301-8C7EB7B053DC}"
EndProject
Project("{9A19103F-16F7-4668-BE54-9A1E7A4F7556}") = "Task - Absolute Sum Array", "Task - Absolute Sum Array\Task - Absolute Sum Array.csproj", "{DD20C841-3C62-402F-B7FB-47F29D87401A}"
EndProject
Project("{9A19103F-16F7-4668-BE54-9A1E7A4F7556}") = "Task - Calculate Exponent", "Task - Calculate Exponent\Task - Calculate Exponent.csproj", "{B73AFC6B-9B3B-401F-B627-9A2B1313C2D2}"
EndProject
Project("{9A19103F-16F7-4668-BE54-9A1E7A4F7556}") = "Task - Multiply by Length Array", "Task - Multiply by Length Array\Task - Multiply by Length Array.csproj", "{FB978179-9BAE-4DFD-95E6-0CD14B025896}"
EndProject
Project("{9A19103F-16F7-4668-BE54-9A1E7A4F7556}") = "Task - Shuffle The Name", "Task - Shuffle The Name\Task - Shuffle The Name.csproj", "{6F072FD2-430C-4456-A59A-E88934694149}"
EndProject
Project("{9A19103F-16F7-4668-BE54-9A1E7A4F7556}") = "Casting - Cast double to int. Explicit", "Casting Example 2\Casting - Cast double to int. Explicit.csproj", "{841F7241-C87B-4361-B237-1EAC50B0E049}"
EndProject
Project("{9A19103F-16F7-4668-BE54-9A1E7A4F7556}") = "Casting - TryParse", "Casting - TryParse\Casting - TryParse.csproj", "{36F9C88E-FDCB-4026-B7BB-AA1D446198E4}"
EndProject
Project("{9A19103F-16F7-4668-BE54-9A1E7A4F7556}") = "Task - Circuit Power Calculator", "Task - Circuit Power Calculator\Task - Circuit Power Calculator.csproj", "{ED94C19D-2E24-4A79-83F3-CBEA7861FF2A}"
EndProject
Project("{9A19103F-16F7-4668-BE54-9A1E7A4F7556}") = "Simple Plus Mover", "Simple Plus Mover\Simple Plus Mover.csproj", "{E21EC712-E8BB-475C-B69B-2ED3DEBFC317}"
EndProject
Project("{9A19103F-16F7-4668-BE54-9A1E7A4F7556}") = "Variables 2", "Variables 2\Variables 2.csproj", "{C878450B-B6AD-474D-A9EE-CF3A69FD5CDA}"
EndProject
Project("{9A19103F-16F7-4668-BE54-9A1E7A4F7556}") = "Constants", "Constants\Constants.csproj", "{1DDCEAA3-FB44-40CF-9882-BB5EC9D214C8}"
EndProject
Project("{2150E333-8FDC-42A3-9474-1A3956D46DE8}") = "Tasks", "Tasks", "{9E7D6155-1FED-4098-8F89-D3810A6FF42E}"
EndProject
Project("{9A19103F-16F7-4668-BE54-9A1E7A4F7556}") = "Math class", "Math class\Math class.csproj", "{7714CFF7-7228-4885-BB0F-D466985C4179}"
EndProject
Project("{9A19103F-16F7-4668-BE54-9A1E7A4F7556}") = "Random Numbers", "Random Numbers\Random Numbers.csproj", "{32CE60D6-6471-432E-972E-352943B074D7}"
EndProject
Project("{9A19103F-16F7-4668-BE54-9A1E7A4F7556}") = "Hypotenuse Calculator Program", "Hypotenuse Calculator Program\Hypotenuse Calculator Program.csproj", "{A9AEE244-24B0-4D69-BCAD-CD43A3BDF3F8}"
EndProject
Project("{9A19103F-16F7-4668-BE54-9A1E7A4F7556}") = "String Methods", "String Methods\String Methods.csproj", "{DCF2B750-6228-46C2-8584-6DB83ACF97AD}"
EndProject
Project("{9A19103F-16F7-4668-BE54-9A1E7A4F7556}") = "IF statements 2", "IF statements 2\IF statements 2.csproj", "{E7FB30EA-FDBA-416C-8E60-90713304D04F}"
EndProject
Project("{9A19103F-16F7-4668-BE54-9A1E7A4F7556}") = "IF statements 3", "IF statements 3\IF statements 3.csproj", "{3BABF204-17A0-44B6-936B-999FA581E8ED}"
EndProject
Project("{9A19103F-16F7-4668-BE54-9A1E7A4F7556}") = "Switch Case 2", "Switch Case 2\Switch Case 2.csproj", "{64772E30-A952-4B73-A67A-B4B57447D252}"
EndProject
Project("{9A19103F-16F7-4668-BE54-9A1E7A4F7556}") = "Loops - Nested For Loops 2", "Loops - Nested For Loops 2\Loops - Nested For Loops 2.csproj", "{E9478CFD-6619-4F3D-BF08-9517E9D6D2EA}"
EndProject
Project("{9A19103F-16F7-4668-BE54-9A1E7A4F7556}") = "Number Guessing Game", "Number Guessing Game\Number Guessing Game.csproj", "{236696A4-F404-4401-8F0A-0710D9989671}"
EndProject
Project("{9A19103F-16F7-4668-BE54-9A1E7A4F7556}") = "Arrays 2", "Arrays 2\Arrays 2.csproj", "{647418A3-829B-4194-925E-6412A97098E9}"
EndProject
Project("{9A19103F-16F7-4668-BE54-9A1E7A4F7556}") = "Array - Foreach Loop 2", "Array - Foreach Loop 2\Array - Foreach Loop 2.csproj", "{5EF5EFB4-25E4-4095-905E-009F870F7A00}"
EndProject
Project("{9A19103F-16F7-4668-BE54-9A1E7A4F7556}") = "Methods", "Methods\Methods.csproj", "{CE5BB11D-8646-4ACE-83F1-8B940CDABC5B}"
EndProject
Project("{9A19103F-16F7-4668-BE54-9A1E7A4F7556}") = "Return Keyword", "Return Keyword\Return Keyword.csproj", "{E23D5BA1-56F2-4853-AB65-BCD47AB0F01C}"
EndProject
Project("{9A19103F-16F7-4668-BE54-9A1E7A4F7556}") = "Method overloading", "Method overloading\Method overloading.csproj", "{986AF715-E0DB-4A3A-824C-3E6383A707AC}"
EndProject
Project("{9A19103F-16F7-4668-BE54-9A1E7A4F7556}") = "Params keyword", "Params keyword\Params keyword.csproj", "{D6461599-6FA8-4621-88D9-375D385E0ABE}"
EndProject
Project("{9A19103F-16F7-4668-BE54-9A1E7A4F7556}") = "Exception handling", "Exception handling\Exception handling.csproj", "{A8B95734-CB1A-4429-8CDA-D02442A55E1F}"
EndProject
Project("{9A19103F-16F7-4668-BE54-9A1E7A4F7556}") = "Conditional operator", "conditional operator\Conditional operator.csproj", "{33F7C23B-9F2A-4425-8C00-8A17AD6AE834}"
EndProject
Project("{9A19103F-16F7-4668-BE54-9A1E7A4F7556}") = "String Interpolation", "String Interpolation\String Interpolation.csproj", "{341F5CA5-1E82-4462-881A-A04CF8D17D35}"
EndProject
Project("{9A19103F-16F7-4668-BE54-9A1E7A4F7556}") = "Arrays - Multidimensional arrays", "Arrays - Multidimensional arrays\Arrays - Multidimensional arrays.csproj", "{98E147AA-1C54-41A5-A6BC-CE1369C6EA2E}"
EndProject
Project("{9A19103F-16F7-4668-BE54-9A1E7A4F7556}") = "Classes", "Classes\Classes.csproj", "{6CD659F1-7C56-4D39-A794-0E1305CD3A3D}"
EndProject
Project("{9A19103F-16F7-4668-BE54-9A1E7A4F7556}") = "Objects", "Objects\Objects.csproj", "{9BDFB39A-EEED-4016-93C8-BDF75BD20B71}"
EndProject
Project("{9A19103F-16F7-4668-BE54-9A1E7A4F7556}") = "Constructors 2", "Constructors 2\Constructors 2.csproj", "{2C4C4222-71FE-4D13-A91D-AFEBCC3B4BC6}"
EndProject
Project("{9A19103F-16F7-4668-BE54-9A1E7A4F7556}") = "Static", "Static\Static.csproj", "{2F99AAD4-F59E-470A-9BD8-5A9205AF6AB4}"
EndProject
Project("{9A19103F-16F7-4668-BE54-9A1E7A4F7556}") = "Constructors - Overloaded Constructors", "Constructors - Overloaded Constructors\Constructors - Overloaded Constructors.csproj", "{CD6A9D23-03C1-4B9F-A6A0-9C976AEB0B66}"
EndProject
Project("{9A19103F-16F7-4668-BE54-9A1E7A4F7556}") = "Classes - Inheritance", "Classes - Inheritance\Classes - Inheritance.csproj", "{9E27123E-1A9D-4A3C-8968-19EA745316E0}"
EndProject
Project("{9A19103F-16F7-4668-BE54-9A1E7A4F7556}") = "Classes - Abstract classes", "Classes - Abstract classes\Classes - Abstract classes.csproj", "{754E3B4D-87F2-4BC5-9D55-44DEDDB29E5F}"
EndProject
Project("{9A19103F-16F7-4668-BE54-9A1E7A4F7556}") = "Classes - Array of objects", "Classes - Array of objects\Classes - Array of objects.csproj", "{D2241E0D-9886-4807-BD97-768475276C44}"
EndProject
Project("{9A19103F-16F7-4668-BE54-9A1E7A4F7556}") = "Classes - Objects As Arguments", "Classes - Objects As Arguments\Classes - Objects As Arguments.csproj", "{BC42C5E8-2C0E-41A5-A4DD-6B83CBD3DFEF}"
EndProject
Project("{9A19103F-16F7-4668-BE54-9A1E7A4F7556}") = "Classes - Method Overriding", "Classes - Method Overriding\Classes - Method Overriding.csproj", "{1F755ADD-9881-4480-A9B8-454D3DA9D9A0}"
EndProject
Project("{9A19103F-16F7-4668-BE54-9A1E7A4F7556}") = "Classes - ToString Method", "Classes - ToString Method\Classes - ToString Method.csproj", "{CB4EF5EA-4598-4751-ADCB-B41952181210}"
EndProject
Project("{9A19103F-16F7-4668-BE54-9A1E7A4F7556}") = "Classes - Polymorphism", "Classes - Polymorphism\Classes - Polymorphism.csproj", "{D8CEC7DB-C94C-4F2F-BA76-5336AF8D5CF0}"
EndProject
Project("{9A19103F-16F7-4668-BE54-9A1E7A4F7556}") = "Classes - Interface", "Classes - Interface\Classes - Interface.csproj", "{0521A896-F03D-487C-99E5-97C48A3BD992}"
EndProject
Project("{9A19103F-16F7-4668-BE54-9A1E7A4F7556}") = "Lists", "Lists\Lists.csproj", "{1BCAB5D5-D392-4F40-A17E-3E8D990B636C}"
EndProject
Project("{9A19103F-16F7-4668-BE54-9A1E7A4F7556}") = "Lists - List of objects", "Lists - List of objects\Lists - List of objects.csproj", "{71AD2EE8-1B63-48EC-A71A-779EC061A34C}"
EndProject
Project("{FAE04EC0-301F-11D3-BF4B-00C04F79EFBC}") = "Getters & Setters", "Getters & Setters\Getters & Setters.csproj", "{1151A39A-B890-4774-8958-7AC780B42A7E}"
EndProject
Project("{FAE04EC0-301F-11D3-BF4B-00C04F79EFBC}") = "Auto-Implement properties", "Auto-Implement properties\Auto-Implement properties.csproj", "{657A3502-3CB9-4F94-AF18-1A3240B1D49E}"
EndProject
Global
	GlobalSection(SolutionConfigurationPlatforms) = preSolution
		Debug|Any CPU = Debug|Any CPU
		Release|Any CPU = Release|Any CPU
	EndGlobalSection
	GlobalSection(ProjectConfigurationPlatforms) = postSolution
		{25F00898-30CF-47AD-95C6-EC823F1AF23B}.Debug|Any CPU.ActiveCfg = Debug|Any CPU
		{25F00898-30CF-47AD-95C6-EC823F1AF23B}.Debug|Any CPU.Build.0 = Debug|Any CPU
		{25F00898-30CF-47AD-95C6-EC823F1AF23B}.Release|Any CPU.ActiveCfg = Release|Any CPU
		{25F00898-30CF-47AD-95C6-EC823F1AF23B}.Release|Any CPU.Build.0 = Release|Any CPU
		{6487F88F-B4B9-4CFF-A5E4-5350F1CD0B75}.Debug|Any CPU.ActiveCfg = Debug|Any CPU
		{6487F88F-B4B9-4CFF-A5E4-5350F1CD0B75}.Debug|Any CPU.Build.0 = Debug|Any CPU
		{6487F88F-B4B9-4CFF-A5E4-5350F1CD0B75}.Release|Any CPU.ActiveCfg = Release|Any CPU
		{6487F88F-B4B9-4CFF-A5E4-5350F1CD0B75}.Release|Any CPU.Build.0 = Release|Any CPU
		{96683B18-8019-4687-AF86-8615719FB966}.Debug|Any CPU.ActiveCfg = Debug|Any CPU
		{96683B18-8019-4687-AF86-8615719FB966}.Debug|Any CPU.Build.0 = Debug|Any CPU
		{96683B18-8019-4687-AF86-8615719FB966}.Release|Any CPU.ActiveCfg = Release|Any CPU
		{96683B18-8019-4687-AF86-8615719FB966}.Release|Any CPU.Build.0 = Release|Any CPU
		{B6E0E3CE-7C7B-4EC8-A794-BDA533DC0D93}.Debug|Any CPU.ActiveCfg = Debug|Any CPU
		{B6E0E3CE-7C7B-4EC8-A794-BDA533DC0D93}.Debug|Any CPU.Build.0 = Debug|Any CPU
		{B6E0E3CE-7C7B-4EC8-A794-BDA533DC0D93}.Release|Any CPU.ActiveCfg = Release|Any CPU
		{B6E0E3CE-7C7B-4EC8-A794-BDA533DC0D93}.Release|Any CPU.Build.0 = Release|Any CPU
		{7F2E425E-04B7-498E-A540-2E4983B14AA6}.Debug|Any CPU.ActiveCfg = Debug|Any CPU
		{7F2E425E-04B7-498E-A540-2E4983B14AA6}.Debug|Any CPU.Build.0 = Debug|Any CPU
		{7F2E425E-04B7-498E-A540-2E4983B14AA6}.Release|Any CPU.ActiveCfg = Release|Any CPU
		{7F2E425E-04B7-498E-A540-2E4983B14AA6}.Release|Any CPU.Build.0 = Release|Any CPU
		{8C781FE2-F4D1-45F8-B52C-9E22E9B8A6D0}.Debug|Any CPU.ActiveCfg = Debug|Any CPU
		{8C781FE2-F4D1-45F8-B52C-9E22E9B8A6D0}.Debug|Any CPU.Build.0 = Debug|Any CPU
		{8C781FE2-F4D1-45F8-B52C-9E22E9B8A6D0}.Release|Any CPU.ActiveCfg = Release|Any CPU
		{8C781FE2-F4D1-45F8-B52C-9E22E9B8A6D0}.Release|Any CPU.Build.0 = Release|Any CPU
		{C5DB2E52-61C2-4A5D-A33C-BEBB5EAE3521}.Debug|Any CPU.ActiveCfg = Debug|Any CPU
		{C5DB2E52-61C2-4A5D-A33C-BEBB5EAE3521}.Debug|Any CPU.Build.0 = Debug|Any CPU
		{C5DB2E52-61C2-4A5D-A33C-BEBB5EAE3521}.Release|Any CPU.ActiveCfg = Release|Any CPU
		{C5DB2E52-61C2-4A5D-A33C-BEBB5EAE3521}.Release|Any CPU.Build.0 = Release|Any CPU
		{9D0093D4-0B07-418D-A46A-627A71BB14B0}.Debug|Any CPU.ActiveCfg = Debug|Any CPU
		{9D0093D4-0B07-418D-A46A-627A71BB14B0}.Debug|Any CPU.Build.0 = Debug|Any CPU
		{9D0093D4-0B07-418D-A46A-627A71BB14B0}.Release|Any CPU.ActiveCfg = Release|Any CPU
		{9D0093D4-0B07-418D-A46A-627A71BB14B0}.Release|Any CPU.Build.0 = Release|Any CPU
		{0A2217E3-8F9E-41BC-A4E9-A06F067572F1}.Debug|Any CPU.ActiveCfg = Debug|Any CPU
		{0A2217E3-8F9E-41BC-A4E9-A06F067572F1}.Debug|Any CPU.Build.0 = Debug|Any CPU
		{0A2217E3-8F9E-41BC-A4E9-A06F067572F1}.Release|Any CPU.ActiveCfg = Release|Any CPU
		{0A2217E3-8F9E-41BC-A4E9-A06F067572F1}.Release|Any CPU.Build.0 = Release|Any CPU
		{C4FA0B02-AE4E-4D50-B3CF-58B201A3176E}.Debug|Any CPU.ActiveCfg = Debug|Any CPU
		{C4FA0B02-AE4E-4D50-B3CF-58B201A3176E}.Debug|Any CPU.Build.0 = Debug|Any CPU
		{C4FA0B02-AE4E-4D50-B3CF-58B201A3176E}.Release|Any CPU.ActiveCfg = Release|Any CPU
		{C4FA0B02-AE4E-4D50-B3CF-58B201A3176E}.Release|Any CPU.Build.0 = Release|Any CPU
		{A60E313A-F3BE-4BB3-9E92-D849791E4410}.Debug|Any CPU.ActiveCfg = Debug|Any CPU
		{A60E313A-F3BE-4BB3-9E92-D849791E4410}.Debug|Any CPU.Build.0 = Debug|Any CPU
		{A60E313A-F3BE-4BB3-9E92-D849791E4410}.Release|Any CPU.ActiveCfg = Release|Any CPU
		{A60E313A-F3BE-4BB3-9E92-D849791E4410}.Release|Any CPU.Build.0 = Release|Any CPU
		{08ABE4BA-4F5B-460A-8DA0-0ABA9F020D44}.Debug|Any CPU.ActiveCfg = Debug|Any CPU
		{08ABE4BA-4F5B-460A-8DA0-0ABA9F020D44}.Debug|Any CPU.Build.0 = Debug|Any CPU
		{08ABE4BA-4F5B-460A-8DA0-0ABA9F020D44}.Release|Any CPU.ActiveCfg = Release|Any CPU
		{08ABE4BA-4F5B-460A-8DA0-0ABA9F020D44}.Release|Any CPU.Build.0 = Release|Any CPU
		{86E992FB-E299-411B-8CDA-81F05B32CB3B}.Debug|Any CPU.ActiveCfg = Debug|Any CPU
		{86E992FB-E299-411B-8CDA-81F05B32CB3B}.Debug|Any CPU.Build.0 = Debug|Any CPU
		{86E992FB-E299-411B-8CDA-81F05B32CB3B}.Release|Any CPU.ActiveCfg = Release|Any CPU
		{86E992FB-E299-411B-8CDA-81F05B32CB3B}.Release|Any CPU.Build.0 = Release|Any CPU
		{8581CB93-4523-4878-82CF-B939786581D1}.Debug|Any CPU.ActiveCfg = Debug|Any CPU
		{8581CB93-4523-4878-82CF-B939786581D1}.Debug|Any CPU.Build.0 = Debug|Any CPU
		{8581CB93-4523-4878-82CF-B939786581D1}.Release|Any CPU.ActiveCfg = Release|Any CPU
		{8581CB93-4523-4878-82CF-B939786581D1}.Release|Any CPU.Build.0 = Release|Any CPU
		{CB7D7812-1874-459E-9210-6738EFD8C11D}.Debug|Any CPU.ActiveCfg = Debug|Any CPU
		{CB7D7812-1874-459E-9210-6738EFD8C11D}.Debug|Any CPU.Build.0 = Debug|Any CPU
		{CB7D7812-1874-459E-9210-6738EFD8C11D}.Release|Any CPU.ActiveCfg = Release|Any CPU
		{CB7D7812-1874-459E-9210-6738EFD8C11D}.Release|Any CPU.Build.0 = Release|Any CPU
		{C701C0A7-B20E-4155-A0D9-A4879F13FC7D}.Debug|Any CPU.ActiveCfg = Debug|Any CPU
		{C701C0A7-B20E-4155-A0D9-A4879F13FC7D}.Debug|Any CPU.Build.0 = Debug|Any CPU
		{C701C0A7-B20E-4155-A0D9-A4879F13FC7D}.Release|Any CPU.ActiveCfg = Release|Any CPU
		{C701C0A7-B20E-4155-A0D9-A4879F13FC7D}.Release|Any CPU.Build.0 = Release|Any CPU
		{F9361A6F-47E0-491C-B4B5-656DFEB20DCB}.Debug|Any CPU.ActiveCfg = Debug|Any CPU
		{F9361A6F-47E0-491C-B4B5-656DFEB20DCB}.Debug|Any CPU.Build.0 = Debug|Any CPU
		{F9361A6F-47E0-491C-B4B5-656DFEB20DCB}.Release|Any CPU.ActiveCfg = Release|Any CPU
		{F9361A6F-47E0-491C-B4B5-656DFEB20DCB}.Release|Any CPU.Build.0 = Release|Any CPU
		{4D574EE6-04C6-4C38-9FEF-4D1B31407361}.Debug|Any CPU.ActiveCfg = Debug|Any CPU
		{4D574EE6-04C6-4C38-9FEF-4D1B31407361}.Debug|Any CPU.Build.0 = Debug|Any CPU
		{4D574EE6-04C6-4C38-9FEF-4D1B31407361}.Release|Any CPU.ActiveCfg = Release|Any CPU
		{4D574EE6-04C6-4C38-9FEF-4D1B31407361}.Release|Any CPU.Build.0 = Release|Any CPU
		{343E1E13-4997-4A41-B201-50E5A27162AD}.Debug|Any CPU.ActiveCfg = Debug|Any CPU
		{343E1E13-4997-4A41-B201-50E5A27162AD}.Debug|Any CPU.Build.0 = Debug|Any CPU
		{343E1E13-4997-4A41-B201-50E5A27162AD}.Release|Any CPU.ActiveCfg = Release|Any CPU
		{343E1E13-4997-4A41-B201-50E5A27162AD}.Release|Any CPU.Build.0 = Release|Any CPU
		{71D9D1E2-7081-4A2C-8494-398DBDD3901D}.Debug|Any CPU.ActiveCfg = Debug|Any CPU
		{71D9D1E2-7081-4A2C-8494-398DBDD3901D}.Debug|Any CPU.Build.0 = Debug|Any CPU
		{71D9D1E2-7081-4A2C-8494-398DBDD3901D}.Release|Any CPU.ActiveCfg = Release|Any CPU
		{71D9D1E2-7081-4A2C-8494-398DBDD3901D}.Release|Any CPU.Build.0 = Release|Any CPU
		{07D0DF6F-863D-42A4-9042-6797A504AA5F}.Debug|Any CPU.ActiveCfg = Debug|Any CPU
		{07D0DF6F-863D-42A4-9042-6797A504AA5F}.Debug|Any CPU.Build.0 = Debug|Any CPU
		{07D0DF6F-863D-42A4-9042-6797A504AA5F}.Release|Any CPU.ActiveCfg = Release|Any CPU
		{07D0DF6F-863D-42A4-9042-6797A504AA5F}.Release|Any CPU.Build.0 = Release|Any CPU
		{08EA5E33-3266-46BC-A351-796693E2D6D3}.Debug|Any CPU.ActiveCfg = Debug|Any CPU
		{08EA5E33-3266-46BC-A351-796693E2D6D3}.Debug|Any CPU.Build.0 = Debug|Any CPU
		{08EA5E33-3266-46BC-A351-796693E2D6D3}.Release|Any CPU.ActiveCfg = Release|Any CPU
		{08EA5E33-3266-46BC-A351-796693E2D6D3}.Release|Any CPU.Build.0 = Release|Any CPU
		{2A6ADB37-B0C6-4678-99CE-87A698AEF7A3}.Debug|Any CPU.ActiveCfg = Debug|Any CPU
		{2A6ADB37-B0C6-4678-99CE-87A698AEF7A3}.Debug|Any CPU.Build.0 = Debug|Any CPU
		{2A6ADB37-B0C6-4678-99CE-87A698AEF7A3}.Release|Any CPU.ActiveCfg = Release|Any CPU
		{2A6ADB37-B0C6-4678-99CE-87A698AEF7A3}.Release|Any CPU.Build.0 = Release|Any CPU
		{11ECF88C-1DA9-4BC9-9769-90BFE4FAF1C5}.Debug|Any CPU.ActiveCfg = Debug|Any CPU
		{11ECF88C-1DA9-4BC9-9769-90BFE4FAF1C5}.Debug|Any CPU.Build.0 = Debug|Any CPU
		{11ECF88C-1DA9-4BC9-9769-90BFE4FAF1C5}.Release|Any CPU.ActiveCfg = Release|Any CPU
		{11ECF88C-1DA9-4BC9-9769-90BFE4FAF1C5}.Release|Any CPU.Build.0 = Release|Any CPU
		{ACE0C1F0-3DCC-4DC3-B6C4-C6E9EFE789E0}.Debug|Any CPU.ActiveCfg = Debug|Any CPU
		{ACE0C1F0-3DCC-4DC3-B6C4-C6E9EFE789E0}.Debug|Any CPU.Build.0 = Debug|Any CPU
		{ACE0C1F0-3DCC-4DC3-B6C4-C6E9EFE789E0}.Release|Any CPU.ActiveCfg = Release|Any CPU
		{ACE0C1F0-3DCC-4DC3-B6C4-C6E9EFE789E0}.Release|Any CPU.Build.0 = Release|Any CPU
		{CB234309-74BC-4BCC-B734-D1359AE652B0}.Debug|Any CPU.ActiveCfg = Debug|Any CPU
		{CB234309-74BC-4BCC-B734-D1359AE652B0}.Debug|Any CPU.Build.0 = Debug|Any CPU
		{CB234309-74BC-4BCC-B734-D1359AE652B0}.Release|Any CPU.ActiveCfg = Release|Any CPU
		{CB234309-74BC-4BCC-B734-D1359AE652B0}.Release|Any CPU.Build.0 = Release|Any CPU
		{7F80537F-0AC8-47E6-87A5-77B121B5DEA0}.Debug|Any CPU.ActiveCfg = Debug|Any CPU
		{7F80537F-0AC8-47E6-87A5-77B121B5DEA0}.Debug|Any CPU.Build.0 = Debug|Any CPU
		{7F80537F-0AC8-47E6-87A5-77B121B5DEA0}.Release|Any CPU.ActiveCfg = Release|Any CPU
		{7F80537F-0AC8-47E6-87A5-77B121B5DEA0}.Release|Any CPU.Build.0 = Release|Any CPU
		{3AD14CAD-007E-4EB9-A143-1FC01F03DD23}.Debug|Any CPU.ActiveCfg = Debug|Any CPU
		{3AD14CAD-007E-4EB9-A143-1FC01F03DD23}.Debug|Any CPU.Build.0 = Debug|Any CPU
		{3AD14CAD-007E-4EB9-A143-1FC01F03DD23}.Release|Any CPU.ActiveCfg = Release|Any CPU
		{3AD14CAD-007E-4EB9-A143-1FC01F03DD23}.Release|Any CPU.Build.0 = Release|Any CPU
		{D790DBC1-745A-4892-BDCF-7EA7D7F8F788}.Debug|Any CPU.ActiveCfg = Debug|Any CPU
		{D790DBC1-745A-4892-BDCF-7EA7D7F8F788}.Debug|Any CPU.Build.0 = Debug|Any CPU
		{D790DBC1-745A-4892-BDCF-7EA7D7F8F788}.Release|Any CPU.ActiveCfg = Release|Any CPU
		{D790DBC1-745A-4892-BDCF-7EA7D7F8F788}.Release|Any CPU.Build.0 = Release|Any CPU
		{2BC173B8-10D0-41E6-AA26-D37EDA976886}.Debug|Any CPU.ActiveCfg = Debug|Any CPU
		{2BC173B8-10D0-41E6-AA26-D37EDA976886}.Debug|Any CPU.Build.0 = Debug|Any CPU
		{2BC173B8-10D0-41E6-AA26-D37EDA976886}.Release|Any CPU.ActiveCfg = Release|Any CPU
		{2BC173B8-10D0-41E6-AA26-D37EDA976886}.Release|Any CPU.Build.0 = Release|Any CPU
		{165B5936-E2F0-4925-81EA-59EFE9592C3C}.Debug|Any CPU.ActiveCfg = Debug|Any CPU
		{165B5936-E2F0-4925-81EA-59EFE9592C3C}.Debug|Any CPU.Build.0 = Debug|Any CPU
		{165B5936-E2F0-4925-81EA-59EFE9592C3C}.Release|Any CPU.ActiveCfg = Release|Any CPU
		{165B5936-E2F0-4925-81EA-59EFE9592C3C}.Release|Any CPU.Build.0 = Release|Any CPU
		{6D02FA46-DA14-420E-ABAC-CA442460C910}.Debug|Any CPU.ActiveCfg = Debug|Any CPU
		{6D02FA46-DA14-420E-ABAC-CA442460C910}.Debug|Any CPU.Build.0 = Debug|Any CPU
		{6D02FA46-DA14-420E-ABAC-CA442460C910}.Release|Any CPU.ActiveCfg = Release|Any CPU
		{6D02FA46-DA14-420E-ABAC-CA442460C910}.Release|Any CPU.Build.0 = Release|Any CPU
		{CFD67AE7-BE2D-4B7F-B529-04C34F28BCD7}.Debug|Any CPU.ActiveCfg = Debug|Any CPU
		{CFD67AE7-BE2D-4B7F-B529-04C34F28BCD7}.Debug|Any CPU.Build.0 = Debug|Any CPU
		{CFD67AE7-BE2D-4B7F-B529-04C34F28BCD7}.Release|Any CPU.ActiveCfg = Release|Any CPU
		{CFD67AE7-BE2D-4B7F-B529-04C34F28BCD7}.Release|Any CPU.Build.0 = Release|Any CPU
		{B11C40C5-0B8E-43D7-B98D-8D01E85AE0B5}.Debug|Any CPU.ActiveCfg = Debug|Any CPU
		{B11C40C5-0B8E-43D7-B98D-8D01E85AE0B5}.Debug|Any CPU.Build.0 = Debug|Any CPU
		{B11C40C5-0B8E-43D7-B98D-8D01E85AE0B5}.Release|Any CPU.ActiveCfg = Release|Any CPU
		{B11C40C5-0B8E-43D7-B98D-8D01E85AE0B5}.Release|Any CPU.Build.0 = Release|Any CPU
		{1EC6DC3D-3E86-4E9A-A4C5-81C6BCAED990}.Debug|Any CPU.ActiveCfg = Debug|Any CPU
		{1EC6DC3D-3E86-4E9A-A4C5-81C6BCAED990}.Debug|Any CPU.Build.0 = Debug|Any CPU
		{1EC6DC3D-3E86-4E9A-A4C5-81C6BCAED990}.Release|Any CPU.ActiveCfg = Release|Any CPU
		{1EC6DC3D-3E86-4E9A-A4C5-81C6BCAED990}.Release|Any CPU.Build.0 = Release|Any CPU
		{CAA0E334-58EA-4160-8D56-35FC9DB4CE28}.Debug|Any CPU.ActiveCfg = Debug|Any CPU
		{CAA0E334-58EA-4160-8D56-35FC9DB4CE28}.Debug|Any CPU.Build.0 = Debug|Any CPU
		{CAA0E334-58EA-4160-8D56-35FC9DB4CE28}.Release|Any CPU.ActiveCfg = Release|Any CPU
		{CAA0E334-58EA-4160-8D56-35FC9DB4CE28}.Release|Any CPU.Build.0 = Release|Any CPU
		{E9758CAB-B57D-4F1B-AE71-EDF12AD6AEAD}.Debug|Any CPU.ActiveCfg = Debug|Any CPU
		{E9758CAB-B57D-4F1B-AE71-EDF12AD6AEAD}.Debug|Any CPU.Build.0 = Debug|Any CPU
		{E9758CAB-B57D-4F1B-AE71-EDF12AD6AEAD}.Release|Any CPU.ActiveCfg = Release|Any CPU
		{E9758CAB-B57D-4F1B-AE71-EDF12AD6AEAD}.Release|Any CPU.Build.0 = Release|Any CPU
		{D372744C-664C-4DB6-A0C4-F2408C3C31BD}.Debug|Any CPU.ActiveCfg = Debug|Any CPU
		{D372744C-664C-4DB6-A0C4-F2408C3C31BD}.Debug|Any CPU.Build.0 = Debug|Any CPU
		{D372744C-664C-4DB6-A0C4-F2408C3C31BD}.Release|Any CPU.ActiveCfg = Release|Any CPU
		{D372744C-664C-4DB6-A0C4-F2408C3C31BD}.Release|Any CPU.Build.0 = Release|Any CPU
		{3FFC23C6-3B36-4DBF-9ECA-B921ED4E25CE}.Debug|Any CPU.ActiveCfg = Debug|Any CPU
		{3FFC23C6-3B36-4DBF-9ECA-B921ED4E25CE}.Debug|Any CPU.Build.0 = Debug|Any CPU
		{3FFC23C6-3B36-4DBF-9ECA-B921ED4E25CE}.Release|Any CPU.ActiveCfg = Release|Any CPU
		{3FFC23C6-3B36-4DBF-9ECA-B921ED4E25CE}.Release|Any CPU.Build.0 = Release|Any CPU
		{85F60036-37BF-47E6-8C51-609C95545AA9}.Debug|Any CPU.ActiveCfg = Debug|Any CPU
		{85F60036-37BF-47E6-8C51-609C95545AA9}.Debug|Any CPU.Build.0 = Debug|Any CPU
		{85F60036-37BF-47E6-8C51-609C95545AA9}.Release|Any CPU.ActiveCfg = Release|Any CPU
		{85F60036-37BF-47E6-8C51-609C95545AA9}.Release|Any CPU.Build.0 = Release|Any CPU
		{5326BFCF-72B0-48D3-AFC4-87BEE2F23096}.Debug|Any CPU.ActiveCfg = Debug|Any CPU
		{5326BFCF-72B0-48D3-AFC4-87BEE2F23096}.Debug|Any CPU.Build.0 = Debug|Any CPU
		{5326BFCF-72B0-48D3-AFC4-87BEE2F23096}.Release|Any CPU.ActiveCfg = Release|Any CPU
		{5326BFCF-72B0-48D3-AFC4-87BEE2F23096}.Release|Any CPU.Build.0 = Release|Any CPU
		{23025BB0-3983-4156-9886-35D674C0E04C}.Debug|Any CPU.ActiveCfg = Debug|Any CPU
		{23025BB0-3983-4156-9886-35D674C0E04C}.Debug|Any CPU.Build.0 = Debug|Any CPU
		{23025BB0-3983-4156-9886-35D674C0E04C}.Release|Any CPU.ActiveCfg = Release|Any CPU
		{23025BB0-3983-4156-9886-35D674C0E04C}.Release|Any CPU.Build.0 = Release|Any CPU
		{B784A748-BE40-4A86-9DE9-C30F75BF719F}.Debug|Any CPU.ActiveCfg = Debug|Any CPU
		{B784A748-BE40-4A86-9DE9-C30F75BF719F}.Debug|Any CPU.Build.0 = Debug|Any CPU
		{B784A748-BE40-4A86-9DE9-C30F75BF719F}.Release|Any CPU.ActiveCfg = Release|Any CPU
		{B784A748-BE40-4A86-9DE9-C30F75BF719F}.Release|Any CPU.Build.0 = Release|Any CPU
		{E3AEE47B-50CE-4BE2-92A6-0F43A40950F4}.Debug|Any CPU.ActiveCfg = Debug|Any CPU
		{E3AEE47B-50CE-4BE2-92A6-0F43A40950F4}.Debug|Any CPU.Build.0 = Debug|Any CPU
		{E3AEE47B-50CE-4BE2-92A6-0F43A40950F4}.Release|Any CPU.ActiveCfg = Release|Any CPU
		{E3AEE47B-50CE-4BE2-92A6-0F43A40950F4}.Release|Any CPU.Build.0 = Release|Any CPU
		{228932AB-EE47-4B45-A5F6-251280217416}.Debug|Any CPU.ActiveCfg = Debug|Any CPU
		{228932AB-EE47-4B45-A5F6-251280217416}.Debug|Any CPU.Build.0 = Debug|Any CPU
		{228932AB-EE47-4B45-A5F6-251280217416}.Release|Any CPU.ActiveCfg = Release|Any CPU
		{228932AB-EE47-4B45-A5F6-251280217416}.Release|Any CPU.Build.0 = Release|Any CPU
		{81BBBA65-3967-49F7-8301-8C7EB7B053DC}.Debug|Any CPU.ActiveCfg = Debug|Any CPU
		{81BBBA65-3967-49F7-8301-8C7EB7B053DC}.Debug|Any CPU.Build.0 = Debug|Any CPU
		{81BBBA65-3967-49F7-8301-8C7EB7B053DC}.Release|Any CPU.ActiveCfg = Release|Any CPU
		{81BBBA65-3967-49F7-8301-8C7EB7B053DC}.Release|Any CPU.Build.0 = Release|Any CPU
		{DD20C841-3C62-402F-B7FB-47F29D87401A}.Debug|Any CPU.ActiveCfg = Debug|Any CPU
		{DD20C841-3C62-402F-B7FB-47F29D87401A}.Debug|Any CPU.Build.0 = Debug|Any CPU
		{DD20C841-3C62-402F-B7FB-47F29D87401A}.Release|Any CPU.ActiveCfg = Release|Any CPU
		{DD20C841-3C62-402F-B7FB-47F29D87401A}.Release|Any CPU.Build.0 = Release|Any CPU
		{B73AFC6B-9B3B-401F-B627-9A2B1313C2D2}.Debug|Any CPU.ActiveCfg = Debug|Any CPU
		{B73AFC6B-9B3B-401F-B627-9A2B1313C2D2}.Debug|Any CPU.Build.0 = Debug|Any CPU
		{B73AFC6B-9B3B-401F-B627-9A2B1313C2D2}.Release|Any CPU.ActiveCfg = Release|Any CPU
		{B73AFC6B-9B3B-401F-B627-9A2B1313C2D2}.Release|Any CPU.Build.0 = Release|Any CPU
		{FB978179-9BAE-4DFD-95E6-0CD14B025896}.Debug|Any CPU.ActiveCfg = Debug|Any CPU
		{FB978179-9BAE-4DFD-95E6-0CD14B025896}.Debug|Any CPU.Build.0 = Debug|Any CPU
		{FB978179-9BAE-4DFD-95E6-0CD14B025896}.Release|Any CPU.ActiveCfg = Release|Any CPU
		{FB978179-9BAE-4DFD-95E6-0CD14B025896}.Release|Any CPU.Build.0 = Release|Any CPU
		{6F072FD2-430C-4456-A59A-E88934694149}.Debug|Any CPU.ActiveCfg = Debug|Any CPU
		{6F072FD2-430C-4456-A59A-E88934694149}.Debug|Any CPU.Build.0 = Debug|Any CPU
		{6F072FD2-430C-4456-A59A-E88934694149}.Release|Any CPU.ActiveCfg = Release|Any CPU
		{6F072FD2-430C-4456-A59A-E88934694149}.Release|Any CPU.Build.0 = Release|Any CPU
		{841F7241-C87B-4361-B237-1EAC50B0E049}.Debug|Any CPU.ActiveCfg = Debug|Any CPU
		{841F7241-C87B-4361-B237-1EAC50B0E049}.Debug|Any CPU.Build.0 = Debug|Any CPU
		{841F7241-C87B-4361-B237-1EAC50B0E049}.Release|Any CPU.ActiveCfg = Release|Any CPU
		{841F7241-C87B-4361-B237-1EAC50B0E049}.Release|Any CPU.Build.0 = Release|Any CPU
		{36F9C88E-FDCB-4026-B7BB-AA1D446198E4}.Debug|Any CPU.ActiveCfg = Debug|Any CPU
		{36F9C88E-FDCB-4026-B7BB-AA1D446198E4}.Debug|Any CPU.Build.0 = Debug|Any CPU
		{36F9C88E-FDCB-4026-B7BB-AA1D446198E4}.Release|Any CPU.ActiveCfg = Release|Any CPU
		{36F9C88E-FDCB-4026-B7BB-AA1D446198E4}.Release|Any CPU.Build.0 = Release|Any CPU
		{ED94C19D-2E24-4A79-83F3-CBEA7861FF2A}.Debug|Any CPU.ActiveCfg = Debug|Any CPU
		{ED94C19D-2E24-4A79-83F3-CBEA7861FF2A}.Debug|Any CPU.Build.0 = Debug|Any CPU
		{ED94C19D-2E24-4A79-83F3-CBEA7861FF2A}.Release|Any CPU.ActiveCfg = Release|Any CPU
		{ED94C19D-2E24-4A79-83F3-CBEA7861FF2A}.Release|Any CPU.Build.0 = Release|Any CPU
		{E21EC712-E8BB-475C-B69B-2ED3DEBFC317}.Debug|Any CPU.ActiveCfg = Debug|Any CPU
		{E21EC712-E8BB-475C-B69B-2ED3DEBFC317}.Debug|Any CPU.Build.0 = Debug|Any CPU
		{E21EC712-E8BB-475C-B69B-2ED3DEBFC317}.Release|Any CPU.ActiveCfg = Release|Any CPU
		{E21EC712-E8BB-475C-B69B-2ED3DEBFC317}.Release|Any CPU.Build.0 = Release|Any CPU
		{C878450B-B6AD-474D-A9EE-CF3A69FD5CDA}.Debug|Any CPU.ActiveCfg = Debug|Any CPU
		{C878450B-B6AD-474D-A9EE-CF3A69FD5CDA}.Debug|Any CPU.Build.0 = Debug|Any CPU
		{C878450B-B6AD-474D-A9EE-CF3A69FD5CDA}.Release|Any CPU.ActiveCfg = Release|Any CPU
		{C878450B-B6AD-474D-A9EE-CF3A69FD5CDA}.Release|Any CPU.Build.0 = Release|Any CPU
		{1DDCEAA3-FB44-40CF-9882-BB5EC9D214C8}.Debug|Any CPU.ActiveCfg = Debug|Any CPU
		{1DDCEAA3-FB44-40CF-9882-BB5EC9D214C8}.Debug|Any CPU.Build.0 = Debug|Any CPU
		{1DDCEAA3-FB44-40CF-9882-BB5EC9D214C8}.Release|Any CPU.ActiveCfg = Release|Any CPU
		{1DDCEAA3-FB44-40CF-9882-BB5EC9D214C8}.Release|Any CPU.Build.0 = Release|Any CPU
		{7714CFF7-7228-4885-BB0F-D466985C4179}.Debug|Any CPU.ActiveCfg = Debug|Any CPU
		{7714CFF7-7228-4885-BB0F-D466985C4179}.Debug|Any CPU.Build.0 = Debug|Any CPU
		{7714CFF7-7228-4885-BB0F-D466985C4179}.Release|Any CPU.ActiveCfg = Release|Any CPU
		{7714CFF7-7228-4885-BB0F-D466985C4179}.Release|Any CPU.Build.0 = Release|Any CPU
		{32CE60D6-6471-432E-972E-352943B074D7}.Debug|Any CPU.ActiveCfg = Debug|Any CPU
		{32CE60D6-6471-432E-972E-352943B074D7}.Debug|Any CPU.Build.0 = Debug|Any CPU
		{32CE60D6-6471-432E-972E-352943B074D7}.Release|Any CPU.ActiveCfg = Release|Any CPU
		{32CE60D6-6471-432E-972E-352943B074D7}.Release|Any CPU.Build.0 = Release|Any CPU
		{A9AEE244-24B0-4D69-BCAD-CD43A3BDF3F8}.Debug|Any CPU.ActiveCfg = Debug|Any CPU
		{A9AEE244-24B0-4D69-BCAD-CD43A3BDF3F8}.Debug|Any CPU.Build.0 = Debug|Any CPU
		{A9AEE244-24B0-4D69-BCAD-CD43A3BDF3F8}.Release|Any CPU.ActiveCfg = Release|Any CPU
		{A9AEE244-24B0-4D69-BCAD-CD43A3BDF3F8}.Release|Any CPU.Build.0 = Release|Any CPU
		{DCF2B750-6228-46C2-8584-6DB83ACF97AD}.Debug|Any CPU.ActiveCfg = Debug|Any CPU
		{DCF2B750-6228-46C2-8584-6DB83ACF97AD}.Debug|Any CPU.Build.0 = Debug|Any CPU
		{DCF2B750-6228-46C2-8584-6DB83ACF97AD}.Release|Any CPU.ActiveCfg = Release|Any CPU
		{DCF2B750-6228-46C2-8584-6DB83ACF97AD}.Release|Any CPU.Build.0 = Release|Any CPU
		{E7FB30EA-FDBA-416C-8E60-90713304D04F}.Debug|Any CPU.ActiveCfg = Debug|Any CPU
		{E7FB30EA-FDBA-416C-8E60-90713304D04F}.Debug|Any CPU.Build.0 = Debug|Any CPU
		{E7FB30EA-FDBA-416C-8E60-90713304D04F}.Release|Any CPU.ActiveCfg = Release|Any CPU
		{E7FB30EA-FDBA-416C-8E60-90713304D04F}.Release|Any CPU.Build.0 = Release|Any CPU
		{3BABF204-17A0-44B6-936B-999FA581E8ED}.Debug|Any CPU.ActiveCfg = Debug|Any CPU
		{3BABF204-17A0-44B6-936B-999FA581E8ED}.Debug|Any CPU.Build.0 = Debug|Any CPU
		{3BABF204-17A0-44B6-936B-999FA581E8ED}.Release|Any CPU.ActiveCfg = Release|Any CPU
		{3BABF204-17A0-44B6-936B-999FA581E8ED}.Release|Any CPU.Build.0 = Release|Any CPU
		{64772E30-A952-4B73-A67A-B4B57447D252}.Debug|Any CPU.ActiveCfg = Debug|Any CPU
		{64772E30-A952-4B73-A67A-B4B57447D252}.Debug|Any CPU.Build.0 = Debug|Any CPU
		{64772E30-A952-4B73-A67A-B4B57447D252}.Release|Any CPU.ActiveCfg = Release|Any CPU
		{64772E30-A952-4B73-A67A-B4B57447D252}.Release|Any CPU.Build.0 = Release|Any CPU
		{E9478CFD-6619-4F3D-BF08-9517E9D6D2EA}.Debug|Any CPU.ActiveCfg = Debug|Any CPU
		{E9478CFD-6619-4F3D-BF08-9517E9D6D2EA}.Debug|Any CPU.Build.0 = Debug|Any CPU
		{E9478CFD-6619-4F3D-BF08-9517E9D6D2EA}.Release|Any CPU.ActiveCfg = Release|Any CPU
		{E9478CFD-6619-4F3D-BF08-9517E9D6D2EA}.Release|Any CPU.Build.0 = Release|Any CPU
		{236696A4-F404-4401-8F0A-0710D9989671}.Debug|Any CPU.ActiveCfg = Debug|Any CPU
		{236696A4-F404-4401-8F0A-0710D9989671}.Debug|Any CPU.Build.0 = Debug|Any CPU
		{236696A4-F404-4401-8F0A-0710D9989671}.Release|Any CPU.ActiveCfg = Release|Any CPU
		{236696A4-F404-4401-8F0A-0710D9989671}.Release|Any CPU.Build.0 = Release|Any CPU
		{647418A3-829B-4194-925E-6412A97098E9}.Debug|Any CPU.ActiveCfg = Debug|Any CPU
		{647418A3-829B-4194-925E-6412A97098E9}.Debug|Any CPU.Build.0 = Debug|Any CPU
		{647418A3-829B-4194-925E-6412A97098E9}.Release|Any CPU.ActiveCfg = Release|Any CPU
		{647418A3-829B-4194-925E-6412A97098E9}.Release|Any CPU.Build.0 = Release|Any CPU
		{5EF5EFB4-25E4-4095-905E-009F870F7A00}.Debug|Any CPU.ActiveCfg = Debug|Any CPU
		{5EF5EFB4-25E4-4095-905E-009F870F7A00}.Debug|Any CPU.Build.0 = Debug|Any CPU
		{5EF5EFB4-25E4-4095-905E-009F870F7A00}.Release|Any CPU.ActiveCfg = Release|Any CPU
		{5EF5EFB4-25E4-4095-905E-009F870F7A00}.Release|Any CPU.Build.0 = Release|Any CPU
		{CE5BB11D-8646-4ACE-83F1-8B940CDABC5B}.Debug|Any CPU.ActiveCfg = Debug|Any CPU
		{CE5BB11D-8646-4ACE-83F1-8B940CDABC5B}.Debug|Any CPU.Build.0 = Debug|Any CPU
		{CE5BB11D-8646-4ACE-83F1-8B940CDABC5B}.Release|Any CPU.ActiveCfg = Release|Any CPU
		{CE5BB11D-8646-4ACE-83F1-8B940CDABC5B}.Release|Any CPU.Build.0 = Release|Any CPU
		{E23D5BA1-56F2-4853-AB65-BCD47AB0F01C}.Debug|Any CPU.ActiveCfg = Debug|Any CPU
		{E23D5BA1-56F2-4853-AB65-BCD47AB0F01C}.Debug|Any CPU.Build.0 = Debug|Any CPU
		{E23D5BA1-56F2-4853-AB65-BCD47AB0F01C}.Release|Any CPU.ActiveCfg = Release|Any CPU
		{E23D5BA1-56F2-4853-AB65-BCD47AB0F01C}.Release|Any CPU.Build.0 = Release|Any CPU
		{986AF715-E0DB-4A3A-824C-3E6383A707AC}.Debug|Any CPU.ActiveCfg = Debug|Any CPU
		{986AF715-E0DB-4A3A-824C-3E6383A707AC}.Debug|Any CPU.Build.0 = Debug|Any CPU
		{986AF715-E0DB-4A3A-824C-3E6383A707AC}.Release|Any CPU.ActiveCfg = Release|Any CPU
		{986AF715-E0DB-4A3A-824C-3E6383A707AC}.Release|Any CPU.Build.0 = Release|Any CPU
		{D6461599-6FA8-4621-88D9-375D385E0ABE}.Debug|Any CPU.ActiveCfg = Debug|Any CPU
		{D6461599-6FA8-4621-88D9-375D385E0ABE}.Debug|Any CPU.Build.0 = Debug|Any CPU
		{D6461599-6FA8-4621-88D9-375D385E0ABE}.Release|Any CPU.ActiveCfg = Release|Any CPU
		{D6461599-6FA8-4621-88D9-375D385E0ABE}.Release|Any CPU.Build.0 = Release|Any CPU
		{A8B95734-CB1A-4429-8CDA-D02442A55E1F}.Debug|Any CPU.ActiveCfg = Debug|Any CPU
		{A8B95734-CB1A-4429-8CDA-D02442A55E1F}.Debug|Any CPU.Build.0 = Debug|Any CPU
		{A8B95734-CB1A-4429-8CDA-D02442A55E1F}.Release|Any CPU.ActiveCfg = Release|Any CPU
		{A8B95734-CB1A-4429-8CDA-D02442A55E1F}.Release|Any CPU.Build.0 = Release|Any CPU
		{33F7C23B-9F2A-4425-8C00-8A17AD6AE834}.Debug|Any CPU.ActiveCfg = Debug|Any CPU
		{33F7C23B-9F2A-4425-8C00-8A17AD6AE834}.Debug|Any CPU.Build.0 = Debug|Any CPU
		{33F7C23B-9F2A-4425-8C00-8A17AD6AE834}.Release|Any CPU.ActiveCfg = Release|Any CPU
		{33F7C23B-9F2A-4425-8C00-8A17AD6AE834}.Release|Any CPU.Build.0 = Release|Any CPU
		{341F5CA5-1E82-4462-881A-A04CF8D17D35}.Debug|Any CPU.ActiveCfg = Debug|Any CPU
		{341F5CA5-1E82-4462-881A-A04CF8D17D35}.Debug|Any CPU.Build.0 = Debug|Any CPU
		{341F5CA5-1E82-4462-881A-A04CF8D17D35}.Release|Any CPU.ActiveCfg = Release|Any CPU
		{341F5CA5-1E82-4462-881A-A04CF8D17D35}.Release|Any CPU.Build.0 = Release|Any CPU
		{98E147AA-1C54-41A5-A6BC-CE1369C6EA2E}.Debug|Any CPU.ActiveCfg = Debug|Any CPU
		{98E147AA-1C54-41A5-A6BC-CE1369C6EA2E}.Debug|Any CPU.Build.0 = Debug|Any CPU
		{98E147AA-1C54-41A5-A6BC-CE1369C6EA2E}.Release|Any CPU.ActiveCfg = Release|Any CPU
		{98E147AA-1C54-41A5-A6BC-CE1369C6EA2E}.Release|Any CPU.Build.0 = Release|Any CPU
		{6CD659F1-7C56-4D39-A794-0E1305CD3A3D}.Debug|Any CPU.ActiveCfg = Debug|Any CPU
		{6CD659F1-7C56-4D39-A794-0E1305CD3A3D}.Debug|Any CPU.Build.0 = Debug|Any CPU
		{6CD659F1-7C56-4D39-A794-0E1305CD3A3D}.Release|Any CPU.ActiveCfg = Release|Any CPU
		{6CD659F1-7C56-4D39-A794-0E1305CD3A3D}.Release|Any CPU.Build.0 = Release|Any CPU
		{9BDFB39A-EEED-4016-93C8-BDF75BD20B71}.Debug|Any CPU.ActiveCfg = Debug|Any CPU
		{9BDFB39A-EEED-4016-93C8-BDF75BD20B71}.Debug|Any CPU.Build.0 = Debug|Any CPU
		{9BDFB39A-EEED-4016-93C8-BDF75BD20B71}.Release|Any CPU.ActiveCfg = Release|Any CPU
		{9BDFB39A-EEED-4016-93C8-BDF75BD20B71}.Release|Any CPU.Build.0 = Release|Any CPU
		{2C4C4222-71FE-4D13-A91D-AFEBCC3B4BC6}.Debug|Any CPU.ActiveCfg = Debug|Any CPU
		{2C4C4222-71FE-4D13-A91D-AFEBCC3B4BC6}.Debug|Any CPU.Build.0 = Debug|Any CPU
		{2C4C4222-71FE-4D13-A91D-AFEBCC3B4BC6}.Release|Any CPU.ActiveCfg = Release|Any CPU
		{2C4C4222-71FE-4D13-A91D-AFEBCC3B4BC6}.Release|Any CPU.Build.0 = Release|Any CPU
		{2F99AAD4-F59E-470A-9BD8-5A9205AF6AB4}.Debug|Any CPU.ActiveCfg = Debug|Any CPU
		{2F99AAD4-F59E-470A-9BD8-5A9205AF6AB4}.Debug|Any CPU.Build.0 = Debug|Any CPU
		{2F99AAD4-F59E-470A-9BD8-5A9205AF6AB4}.Release|Any CPU.ActiveCfg = Release|Any CPU
		{2F99AAD4-F59E-470A-9BD8-5A9205AF6AB4}.Release|Any CPU.Build.0 = Release|Any CPU
		{CD6A9D23-03C1-4B9F-A6A0-9C976AEB0B66}.Debug|Any CPU.ActiveCfg = Debug|Any CPU
		{CD6A9D23-03C1-4B9F-A6A0-9C976AEB0B66}.Debug|Any CPU.Build.0 = Debug|Any CPU
		{CD6A9D23-03C1-4B9F-A6A0-9C976AEB0B66}.Release|Any CPU.ActiveCfg = Release|Any CPU
		{CD6A9D23-03C1-4B9F-A6A0-9C976AEB0B66}.Release|Any CPU.Build.0 = Release|Any CPU
		{9E27123E-1A9D-4A3C-8968-19EA745316E0}.Debug|Any CPU.ActiveCfg = Debug|Any CPU
		{9E27123E-1A9D-4A3C-8968-19EA745316E0}.Debug|Any CPU.Build.0 = Debug|Any CPU
		{9E27123E-1A9D-4A3C-8968-19EA745316E0}.Release|Any CPU.ActiveCfg = Release|Any CPU
		{9E27123E-1A9D-4A3C-8968-19EA745316E0}.Release|Any CPU.Build.0 = Release|Any CPU
		{754E3B4D-87F2-4BC5-9D55-44DEDDB29E5F}.Debug|Any CPU.ActiveCfg = Debug|Any CPU
		{754E3B4D-87F2-4BC5-9D55-44DEDDB29E5F}.Debug|Any CPU.Build.0 = Debug|Any CPU
		{754E3B4D-87F2-4BC5-9D55-44DEDDB29E5F}.Release|Any CPU.ActiveCfg = Release|Any CPU
		{754E3B4D-87F2-4BC5-9D55-44DEDDB29E5F}.Release|Any CPU.Build.0 = Release|Any CPU
		{D2241E0D-9886-4807-BD97-768475276C44}.Debug|Any CPU.ActiveCfg = Debug|Any CPU
		{D2241E0D-9886-4807-BD97-768475276C44}.Debug|Any CPU.Build.0 = Debug|Any CPU
		{D2241E0D-9886-4807-BD97-768475276C44}.Release|Any CPU.ActiveCfg = Release|Any CPU
		{D2241E0D-9886-4807-BD97-768475276C44}.Release|Any CPU.Build.0 = Release|Any CPU
		{BC42C5E8-2C0E-41A5-A4DD-6B83CBD3DFEF}.Debug|Any CPU.ActiveCfg = Debug|Any CPU
		{BC42C5E8-2C0E-41A5-A4DD-6B83CBD3DFEF}.Debug|Any CPU.Build.0 = Debug|Any CPU
		{BC42C5E8-2C0E-41A5-A4DD-6B83CBD3DFEF}.Release|Any CPU.ActiveCfg = Release|Any CPU
		{BC42C5E8-2C0E-41A5-A4DD-6B83CBD3DFEF}.Release|Any CPU.Build.0 = Release|Any CPU
		{1F755ADD-9881-4480-A9B8-454D3DA9D9A0}.Debug|Any CPU.ActiveCfg = Debug|Any CPU
		{1F755ADD-9881-4480-A9B8-454D3DA9D9A0}.Debug|Any CPU.Build.0 = Debug|Any CPU
		{1F755ADD-9881-4480-A9B8-454D3DA9D9A0}.Release|Any CPU.ActiveCfg = Release|Any CPU
		{1F755ADD-9881-4480-A9B8-454D3DA9D9A0}.Release|Any CPU.Build.0 = Release|Any CPU
		{CB4EF5EA-4598-4751-ADCB-B41952181210}.Debug|Any CPU.ActiveCfg = Debug|Any CPU
		{CB4EF5EA-4598-4751-ADCB-B41952181210}.Debug|Any CPU.Build.0 = Debug|Any CPU
		{CB4EF5EA-4598-4751-ADCB-B41952181210}.Release|Any CPU.ActiveCfg = Release|Any CPU
		{CB4EF5EA-4598-4751-ADCB-B41952181210}.Release|Any CPU.Build.0 = Release|Any CPU
		{D8CEC7DB-C94C-4F2F-BA76-5336AF8D5CF0}.Debug|Any CPU.ActiveCfg = Debug|Any CPU
		{D8CEC7DB-C94C-4F2F-BA76-5336AF8D5CF0}.Debug|Any CPU.Build.0 = Debug|Any CPU
		{D8CEC7DB-C94C-4F2F-BA76-5336AF8D5CF0}.Release|Any CPU.ActiveCfg = Release|Any CPU
		{D8CEC7DB-C94C-4F2F-BA76-5336AF8D5CF0}.Release|Any CPU.Build.0 = Release|Any CPU
		{0521A896-F03D-487C-99E5-97C48A3BD992}.Debug|Any CPU.ActiveCfg = Debug|Any CPU
		{0521A896-F03D-487C-99E5-97C48A3BD992}.Debug|Any CPU.Build.0 = Debug|Any CPU
		{0521A896-F03D-487C-99E5-97C48A3BD992}.Release|Any CPU.ActiveCfg = Release|Any CPU
		{0521A896-F03D-487C-99E5-97C48A3BD992}.Release|Any CPU.Build.0 = Release|Any CPU
		{1BCAB5D5-D392-4F40-A17E-3E8D990B636C}.Debug|Any CPU.ActiveCfg = Debug|Any CPU
		{1BCAB5D5-D392-4F40-A17E-3E8D990B636C}.Debug|Any CPU.Build.0 = Debug|Any CPU
		{1BCAB5D5-D392-4F40-A17E-3E8D990B636C}.Release|Any CPU.ActiveCfg = Release|Any CPU
		{1BCAB5D5-D392-4F40-A17E-3E8D990B636C}.Release|Any CPU.Build.0 = Release|Any CPU
		{71AD2EE8-1B63-48EC-A71A-779EC061A34C}.Debug|Any CPU.ActiveCfg = Debug|Any CPU
		{71AD2EE8-1B63-48EC-A71A-779EC061A34C}.Debug|Any CPU.Build.0 = Debug|Any CPU
		{71AD2EE8-1B63-48EC-A71A-779EC061A34C}.Release|Any CPU.ActiveCfg = Release|Any CPU
		{71AD2EE8-1B63-48EC-A71A-779EC061A34C}.Release|Any CPU.Build.0 = Release|Any CPU
		{1151A39A-B890-4774-8958-7AC780B42A7E}.Debug|Any CPU.ActiveCfg = Debug|Any CPU
		{1151A39A-B890-4774-8958-7AC780B42A7E}.Debug|Any CPU.Build.0 = Debug|Any CPU
		{1151A39A-B890-4774-8958-7AC780B42A7E}.Release|Any CPU.ActiveCfg = Release|Any CPU
		{1151A39A-B890-4774-8958-7AC780B42A7E}.Release|Any CPU.Build.0 = Release|Any CPU
		{657A3502-3CB9-4F94-AF18-1A3240B1D49E}.Debug|Any CPU.ActiveCfg = Debug|Any CPU
		{657A3502-3CB9-4F94-AF18-1A3240B1D49E}.Debug|Any CPU.Build.0 = Debug|Any CPU
		{657A3502-3CB9-4F94-AF18-1A3240B1D49E}.Release|Any CPU.ActiveCfg = Release|Any CPU
		{657A3502-3CB9-4F94-AF18-1A3240B1D49E}.Release|Any CPU.Build.0 = Release|Any CPU
	EndGlobalSection
	GlobalSection(SolutionProperties) = preSolution
		HideSolutionNode = FALSE
	EndGlobalSection
	GlobalSection(NestedProjects) = preSolution
		{1EC6DC3D-3E86-4E9A-A4C5-81C6BCAED990} = {9E7D6155-1FED-4098-8F89-D3810A6FF42E}
		{CAA0E334-58EA-4160-8D56-35FC9DB4CE28} = {9E7D6155-1FED-4098-8F89-D3810A6FF42E}
		{E9758CAB-B57D-4F1B-AE71-EDF12AD6AEAD} = {9E7D6155-1FED-4098-8F89-D3810A6FF42E}
		{D372744C-664C-4DB6-A0C4-F2408C3C31BD} = {9E7D6155-1FED-4098-8F89-D3810A6FF42E}
		{3FFC23C6-3B36-4DBF-9ECA-B921ED4E25CE} = {9E7D6155-1FED-4098-8F89-D3810A6FF42E}
		{85F60036-37BF-47E6-8C51-609C95545AA9} = {9E7D6155-1FED-4098-8F89-D3810A6FF42E}
		{5326BFCF-72B0-48D3-AFC4-87BEE2F23096} = {9E7D6155-1FED-4098-8F89-D3810A6FF42E}
		{23025BB0-3983-4156-9886-35D674C0E04C} = {9E7D6155-1FED-4098-8F89-D3810A6FF42E}
		{B784A748-BE40-4A86-9DE9-C30F75BF719F} = {9E7D6155-1FED-4098-8F89-D3810A6FF42E}
		{E3AEE47B-50CE-4BE2-92A6-0F43A40950F4} = {9E7D6155-1FED-4098-8F89-D3810A6FF42E}
		{228932AB-EE47-4B45-A5F6-251280217416} = {9E7D6155-1FED-4098-8F89-D3810A6FF42E}
		{81BBBA65-3967-49F7-8301-8C7EB7B053DC} = {9E7D6155-1FED-4098-8F89-D3810A6FF42E}
		{DD20C841-3C62-402F-B7FB-47F29D87401A} = {9E7D6155-1FED-4098-8F89-D3810A6FF42E}
		{B73AFC6B-9B3B-401F-B627-9A2B1313C2D2} = {9E7D6155-1FED-4098-8F89-D3810A6FF42E}
		{FB978179-9BAE-4DFD-95E6-0CD14B025896} = {9E7D6155-1FED-4098-8F89-D3810A6FF42E}
		{6F072FD2-430C-4456-A59A-E88934694149} = {9E7D6155-1FED-4098-8F89-D3810A6FF42E}
		{ED94C19D-2E24-4A79-83F3-CBEA7861FF2A} = {9E7D6155-1FED-4098-8F89-D3810A6FF42E}
		{236696A4-F404-4401-8F0A-0710D9989671} = {9E7D6155-1FED-4098-8F89-D3810A6FF42E}
	EndGlobalSection
	GlobalSection(ExtensibilityGlobals) = postSolution
		SolutionGuid = {BA79E8D3-239E-4BCF-B9AC-C7B28CA92A58}
	EndGlobalSection
EndGlobal
